
Microsoft Visual Studio Solution File, Format Version 12.00
# Visual Studio Version 17
VisualStudioVersion = 17.9.34622.214
MinimumVisualStudioVersion = 10.0.40219.1
Project("{FAE04EC0-301F-11D3-BF4B-00C04F79EFBC}") = "WebProcedureAula", "WebProcedureAula\WebProcedureAula.csproj", "{949E1168-6429-468B-9F2A-9D9158233CA1}"
EndProject
Global
	GlobalSection(SolutionConfigurationPlatforms) = preSolution
		Debug|Any CPU = Debug|Any CPU
		Release|Any CPU = Release|Any CPU
	EndGlobalSection
	GlobalSection(ProjectConfigurationPlatforms) = postSolution
		{949E1168-6429-468B-9F2A-9D9158233CA1}.Debug|Any CPU.ActiveCfg = Debug|Any CPU
		{949E1168-6429-468B-9F2A-9D9158233CA1}.Debug|Any CPU.Build.0 = Debug|Any CPU
		{949E1168-6429-468B-9F2A-9D9158233CA1}.Release|Any CPU.ActiveCfg = Release|Any CPU
		{949E1168-6429-468B-9F2A-9D9158233CA1}.Release|Any CPU.Build.0 = Release|Any CPU
	EndGlobalSection
	GlobalSection(SolutionProperties) = preSolution
		HideSolutionNode = FALSE
	EndGlobalSection
	GlobalSection(ExtensibilityGlobals) = postSolution
		SolutionGuid = {DD0E0A4D-8A2F-4F2D-82F1-F0E82E5FF056}
	EndGlobalSection
EndGlobal
